
Microsoft Visual Studio Solution File, Format Version 12.00
# Visual Studio Version 17
VisualStudioVersion = 17.9.34622.214
MinimumVisualStudioVersion = 10.0.40219.1
Project("{FAE04EC0-301F-11D3-BF4B-00C04F79EFBC}") = "Lab03", "Lab03\Lab03.csproj", "{A82E41B3-28F5-4FA5-B502-AF3C4D2D3810}"
EndProject
Global
	GlobalSection(SolutionConfigurationPlatforms) = preSolution
		Debug|Any CPU = Debug|Any CPU
		Release|Any CPU = Release|Any CPU
	EndGlobalSection
	GlobalSection(ProjectConfigurationPlatforms) = postSolution
		{A82E41B3-28F5-4FA5-B502-AF3C4D2D3810}.Debug|Any CPU.ActiveCfg = Debug|Any CPU
		{A82E41B3-28F5-4FA5-B502-AF3C4D2D3810}.Debug|Any CPU.Build.0 = Debug|Any CPU
		{A82E41B3-28F5-4FA5-B502-AF3C4D2D3810}.Release|Any CPU.ActiveCfg = Release|Any CPU
		{A82E41B3-28F5-4FA5-B502-AF3C4D2D3810}.Release|Any CPU.Build.0 = Release|Any CPU
	EndGlobalSection
	GlobalSection(SolutionProperties) = preSolution
		HideSolutionNode = FALSE
	EndGlobalSection
	GlobalSection(ExtensibilityGlobals) = postSolution
		SolutionGuid = {41B51C6F-25D5-49F6-B953-098295829389}
	EndGlobalSection
EndGlobal
